
Microsoft Visual Studio Solution File, Format Version 12.00
# Visual Studio 15
VisualStudioVersion = 15.0.28010.2003
MinimumVisualStudioVersion = 10.0.40219.1
Project("{FAE04EC0-301F-11D3-BF4B-00C04F79EFBC}") = "UpperCase", "UpperCase\UpperCase.csproj", "{F5DF9E8F-E8E4-43C1-BD6E-987E3D3C8BA7}"
EndProject
Global
	GlobalSection(SolutionConfigurationPlatforms) = preSolution
		Debug|Any CPU = Debug|Any CPU
		Release|Any CPU = Release|Any CPU
	EndGlobalSection
	GlobalSection(ProjectConfigurationPlatforms) = postSolution
		{F5DF9E8F-E8E4-43C1-BD6E-987E3D3C8BA7}.Debug|Any CPU.ActiveCfg = Debug|Any CPU
		{F5DF9E8F-E8E4-43C1-BD6E-987E3D3C8BA7}.Debug|Any CPU.Build.0 = Debug|Any CPU
		{F5DF9E8F-E8E4-43C1-BD6E-987E3D3C8BA7}.Release|Any CPU.ActiveCfg = Release|Any CPU
		{F5DF9E8F-E8E4-43C1-BD6E-987E3D3C8BA7}.Release|Any CPU.Build.0 = Release|Any CPU
	EndGlobalSection
	GlobalSection(SolutionProperties) = preSolution
		HideSolutionNode = FALSE
	EndGlobalSection
	GlobalSection(ExtensibilityGlobals) = postSolution
		SolutionGuid = {4AD7D8D5-6198-4FB3-A169-657167CB6E67}
	EndGlobalSection
EndGlobal
